PODS:
  - DNTryDriveOpenSDK (0.1.0):
    - SSKeychain (~> 1.3.1)
    - WebViewJavascriptBridge (~> 4.1.5)
  - SSKeychain (1.3.1)
  - WebViewJavascriptBridge (4.1.5)

DEPENDENCIES:
  - DNTryDriveOpenSDK (from `../`)

EXTERNAL SOURCES:
  DNTryDriveOpenSDK:
    :path: ../

SPEC CHECKSUMS:
  DNTryDriveOpenSDK: 07a5549dc33cddd6f5d7a68415d5a68a71bd2771
  SSKeychain: 04c4ec40f4c3deda524e269bc76e5f30e638a174
  WebViewJavascriptBridge: e7b6669bebfc4f151daa0fdec3c8c24c8dc3a24e

COCOAPODS: 0.39.0
