PODS:
  - DNTryDriveOpenSDK (0.1.0):
    - SSKeychain (~> 1.4.0)
    - WebViewJavascriptBridge (~> 4.1.5)
  - SSKeychain (1.4.0)
  - WebViewJavascriptBridge (4.1.5)

DEPENDENCIES:
  - DNTryDriveOpenSDK (from `../`)

EXTERNAL SOURCES:
  DNTryDriveOpenSDK:
    :path: ../

SPEC CHECKSUMS:
  DNTryDriveOpenSDK: 8aa43363f3fff8c0b3f683870b43c7d6a7e88a11
  SSKeychain: c71293fa57216a40ab06c23f4085387583293de4
  WebViewJavascriptBridge: e7b6669bebfc4f151daa0fdec3c8c24c8dc3a24e

COCOAPODS: 0.39.0
